github.com/jbirddog/marketday v0.0.0-20231023195428-1d4ce5c94f1a h1:Fp5GUd9wm2d7uA753YPqxHmAF/gfKCqxTnhYTSp4eg4=
github.com/jbirddog/marketday v0.0.0-20231023195428-1d4ce5c94f1a/go.mod h1:wyywEdJhzejJ4MxO5pDVzNZtnXaL0BwrQa/eOVWS/aw=
github.com/jbirddog/marketday v0.0.0-20231025192034-f2cd444d6817 h1:2857WOPQll+3mA6f1gqdUmEnK8HEJH0AK/l8xuidBco=
github.com/jbirddog/marketday v0.0.0-20231025192034-f2cd444d6817/go.mod h1:wyywEdJhzejJ4MxO5pDVzNZtnXaL0BwrQa/eOVWS/aw=
